{
    "_readme": [
        "This file locks the dependencies of your project to a known state",
        "Read more about it at https://getcomposer.org/doc/01-basic-usage.md#composer-lock-the-lock-file",
        "This file is @generated automatically"
    ],
    "hash": "688c7c5593f8d8339a271d33b6d05437",
    "content-hash": "34775286212ab379275104d1781263e0",
    "packages": [
        {
            "name": "prophetz/curl",
            "version": "dev-master",
            "source": {
                "type": "git",
                "url": "https://github.com/prophetz/curl.git",
                "reference": "8381703bb56c0e0cf8dee6a8aeb2191805a21d2e"
            },
            "dist": {
                "type": "zip",
                "url": "https://api.github.com/repos/prophetz/curl/zipball/8381703bb56c0e0cf8dee6a8aeb2191805a21d2e",
                "reference": "8381703bb56c0e0cf8dee6a8aeb2191805a21d2e",
                "shasum": ""
            },
            "require": {
                "php": ">=5.4"
            },
            "type": "library",
            "autoload": {
                "psr-0": {
                    "Prophetz\\Curl\\": "src/"
                }
            },
            "notification-url": "https://packagist.org/downloads/",
            "license": [
                "MIT"
            ],
            "authors": [
                {
                    "name": "Alexander Kovalevich",
                    "email": "kpuzuc@gmail.com"
                }
            ],
            "description": "CURL library",
            "time": "2015-09-19 19:18:31"
        }
    ],
    "packages-dev": [],
    "aliases": [],
    "minimum-stability": "stable",
    "stability-flags": {
        "prophetz/curl": 20
    },
    "prefer-stable": false,
    "prefer-lowest": false,
    "platform": {
        "php": ">=5.4"
    },
    "platform-dev": []
}
